{
  "name": "temple-mantra-tutorials",
  "version": "1.0.0",
  "lockfileVersion": 3,
  "requires": true,
  "packages": {
    "": {
      "name": "temple-mantra-tutorials",
      "version": "1.0.0",
      "bin": {
        "mantra": "src/cli.js"
      },
      "devDependencies": {},
      "engines": {
        "node": ">=22"
      }
    }
  }
}
